
Microsoft Visual Studio Solution File, Format Version 12.00
# Visual Studio Version 16
VisualStudioVersion = 16.0.29613.14
MinimumVisualStudioVersion = 10.0.40219.1
Project("{FAE04EC0-301F-11D3-BF4B-00C04F79EFBC}") = "BudgetToolLib", "BudgetToolLib\BudgetToolLib.csproj", "{FB5F5134-A4EA-4387-A00A-B3BAA1CBF938}"
EndProject
Project("{FAE04EC0-301F-11D3-BF4B-00C04F79EFBC}") = "BudgetToolGui", "BudgetToolGui\BudgetToolGui.csproj", "{CA77AB58-0A2F-45FA-A7B4-235D41691606}"
EndProject
Project("{FAE04EC0-301F-11D3-BF4B-00C04F79EFBC}") = "BudgetToolsUnitTestF", "BudgetToolsUnitTestF\BudgetToolsUnitTestF.csproj", "{C60A6B48-E393-4BA5-90B3-E05C48FF9F59}"
EndProject
Project("{FAE04EC0-301F-11D3-BF4B-00C04F79EFBC}") = "BudgetToolApp", "BudgetToolApp\BudgetToolApp.csproj", "{DEE3FDEC-FE11-49CA-8966-15BAB0E7E389}"
EndProject
Project("{FAE04EC0-301F-11D3-BF4B-00C04F79EFBC}") = "BudgetToolCore", "BudgetToolCore\BudgetToolCore.csproj", "{FFD7395A-A00B-44AE-AA95-49FE85E91263}"
EndProject
Global
	GlobalSection(SolutionConfigurationPlatforms) = preSolution
		Debug|Any CPU = Debug|Any CPU
		Release|Any CPU = Release|Any CPU
	EndGlobalSection
	GlobalSection(ProjectConfigurationPlatforms) = postSolution
		{FB5F5134-A4EA-4387-A00A-B3BAA1CBF938}.Debug|Any CPU.ActiveCfg = Debug|Any CPU
		{FB5F5134-A4EA-4387-A00A-B3BAA1CBF938}.Debug|Any CPU.Build.0 = Debug|Any CPU
		{FB5F5134-A4EA-4387-A00A-B3BAA1CBF938}.Release|Any CPU.ActiveCfg = Release|Any CPU
		{FB5F5134-A4EA-4387-A00A-B3BAA1CBF938}.Release|Any CPU.Build.0 = Release|Any CPU
		{CA77AB58-0A2F-45FA-A7B4-235D41691606}.Debug|Any CPU.ActiveCfg = Debug|Any CPU
		{CA77AB58-0A2F-45FA-A7B4-235D41691606}.Debug|Any CPU.Build.0 = Debug|Any CPU
		{CA77AB58-0A2F-45FA-A7B4-235D41691606}.Release|Any CPU.ActiveCfg = Release|Any CPU
		{CA77AB58-0A2F-45FA-A7B4-235D41691606}.Release|Any CPU.Build.0 = Release|Any CPU
		{C60A6B48-E393-4BA5-90B3-E05C48FF9F59}.Debug|Any CPU.ActiveCfg = Debug|Any CPU
		{C60A6B48-E393-4BA5-90B3-E05C48FF9F59}.Debug|Any CPU.Build.0 = Debug|Any CPU
		{C60A6B48-E393-4BA5-90B3-E05C48FF9F59}.Release|Any CPU.ActiveCfg = Release|Any CPU
		{C60A6B48-E393-4BA5-90B3-E05C48FF9F59}.Release|Any CPU.Build.0 = Release|Any CPU
		{DEE3FDEC-FE11-49CA-8966-15BAB0E7E389}.Debug|Any CPU.ActiveCfg = Debug|Any CPU
		{DEE3FDEC-FE11-49CA-8966-15BAB0E7E389}.Debug|Any CPU.Build.0 = Debug|Any CPU
		{DEE3FDEC-FE11-49CA-8966-15BAB0E7E389}.Release|Any CPU.ActiveCfg = Release|Any CPU
		{DEE3FDEC-FE11-49CA-8966-15BAB0E7E389}.Release|Any CPU.Build.0 = Release|Any CPU
		{FFD7395A-A00B-44AE-AA95-49FE85E91263}.Debug|Any CPU.ActiveCfg = Debug|Any CPU
		{FFD7395A-A00B-44AE-AA95-49FE85E91263}.Debug|Any CPU.Build.0 = Debug|Any CPU
		{FFD7395A-A00B-44AE-AA95-49FE85E91263}.Release|Any CPU.ActiveCfg = Release|Any CPU
		{FFD7395A-A00B-44AE-AA95-49FE85E91263}.Release|Any CPU.Build.0 = Release|Any CPU
	EndGlobalSection
	GlobalSection(SolutionProperties) = preSolution
		HideSolutionNode = FALSE
	EndGlobalSection
	GlobalSection(ExtensibilityGlobals) = postSolution
		SolutionGuid = {93F60FB1-2167-458E-8606-8F7722DD718B}
	EndGlobalSection
EndGlobal
