
Microsoft Visual Studio Solution File, Format Version 12.00
# Visual Studio Version 16
VisualStudioVersion = 16.0.29519.181
MinimumVisualStudioVersion = 10.0.40219.1
Project("{FAE04EC0-301F-11D3-BF4B-00C04F79EFBC}") = "BudgetTool", "BudgetTool\BudgetTool.csproj", "{E75B01CB-34EC-4FF9-954B-2AFD5A14BE21}"
EndProject
Project("{FAE04EC0-301F-11D3-BF4B-00C04F79EFBC}") = "BudgetToolLib", "BudgetToolLib\BudgetToolLib.csproj", "{FB5F5134-A4EA-4387-A00A-B3BAA1CBF938}"
EndProject
Project("{9A19103F-16F7-4668-BE54-9A1E7A4F7556}") = "BudgetToolUnitTest", "BudgetToolUnitTest\BudgetToolUnitTest.csproj", "{C240E4B8-1510-49A6-AE2E-50C8A6F12CB7}"
EndProject
Project("{FAE04EC0-301F-11D3-BF4B-00C04F79EFBC}") = "BudgetToolGui", "BudgetToolGui\BudgetToolGui.csproj", "{CA77AB58-0A2F-45FA-A7B4-235D41691606}"
EndProject
Global
	GlobalSection(SolutionConfigurationPlatforms) = preSolution
		Debug|Any CPU = Debug|Any CPU
		Release|Any CPU = Release|Any CPU
	EndGlobalSection
	GlobalSection(ProjectConfigurationPlatforms) = postSolution
		{E75B01CB-34EC-4FF9-954B-2AFD5A14BE21}.Debug|Any CPU.ActiveCfg = Debug|Any CPU
		{E75B01CB-34EC-4FF9-954B-2AFD5A14BE21}.Debug|Any CPU.Build.0 = Debug|Any CPU
		{E75B01CB-34EC-4FF9-954B-2AFD5A14BE21}.Release|Any CPU.ActiveCfg = Release|Any CPU
		{E75B01CB-34EC-4FF9-954B-2AFD5A14BE21}.Release|Any CPU.Build.0 = Release|Any CPU
		{FB5F5134-A4EA-4387-A00A-B3BAA1CBF938}.Debug|Any CPU.ActiveCfg = Debug|Any CPU
		{FB5F5134-A4EA-4387-A00A-B3BAA1CBF938}.Debug|Any CPU.Build.0 = Debug|Any CPU
		{FB5F5134-A4EA-4387-A00A-B3BAA1CBF938}.Release|Any CPU.ActiveCfg = Release|Any CPU
		{FB5F5134-A4EA-4387-A00A-B3BAA1CBF938}.Release|Any CPU.Build.0 = Release|Any CPU
		{C240E4B8-1510-49A6-AE2E-50C8A6F12CB7}.Debug|Any CPU.ActiveCfg = Debug|Any CPU
		{C240E4B8-1510-49A6-AE2E-50C8A6F12CB7}.Debug|Any CPU.Build.0 = Debug|Any CPU
		{C240E4B8-1510-49A6-AE2E-50C8A6F12CB7}.Release|Any CPU.ActiveCfg = Release|Any CPU
		{C240E4B8-1510-49A6-AE2E-50C8A6F12CB7}.Release|Any CPU.Build.0 = Release|Any CPU
		{CA77AB58-0A2F-45FA-A7B4-235D41691606}.Debug|Any CPU.ActiveCfg = Debug|Any CPU
		{CA77AB58-0A2F-45FA-A7B4-235D41691606}.Debug|Any CPU.Build.0 = Debug|Any CPU
		{CA77AB58-0A2F-45FA-A7B4-235D41691606}.Release|Any CPU.ActiveCfg = Release|Any CPU
		{CA77AB58-0A2F-45FA-A7B4-235D41691606}.Release|Any CPU.Build.0 = Release|Any CPU
	EndGlobalSection
	GlobalSection(SolutionProperties) = preSolution
		HideSolutionNode = FALSE
	EndGlobalSection
	GlobalSection(ExtensibilityGlobals) = postSolution
		SolutionGuid = {93F60FB1-2167-458E-8606-8F7722DD718B}
	EndGlobalSection
EndGlobal
